
Microsoft Visual Studio Solution File, Format Version 10.00
# Visual Studio 2008
Project("{2150E333-8FDC-42A3-9474-1A3956D46DE8}") = "Files", "Files", "{BC918D21-FB14-4FAC-A3EF-2B8F4CAE92DC}"
	ProjectSection(SolutionItems) = preProject
		account.asp = account.asp
		build.asp = build.asp
		calendar.asp = calendar.asp
		context_menu.asp = context_menu.asp
		event.js = event.js
		format.asp = format.asp
		global.asa = global.asa
		index.asp = index.asp
		main.asp = main.asp
		package.asp = package.asp
		scroll.js = scroll.js
		split_transaction.asp = split_transaction.asp
		sql_database.asp = sql_database.asp
		style.css = style.css
		style_report.css = style_report.css
		style_tx.css = style_tx.css
		timeout.js = timeout.js
		ToDo.txt = ToDo.txt
		user.asp = user.asp
		validate.js = validate.js
		web.config = web.config
	EndProjectSection
EndProject
Project("{2150E333-8FDC-42A3-9474-1A3956D46DE8}") = "Transactions", "Transactions", "{73EE744C-0745-4FC8-B786-BC7D0814BF13}"
	ProjectSection(SolutionItems) = preProject
		Transactions\stmt_1479.csv = Transactions\stmt_1479.csv
		Transactions\stmt_1490.csv = Transactions\stmt_1490.csv
		Transactions\stmt_242.csv = Transactions\stmt_242.csv
		Transactions\stmt_3.csv = Transactions\stmt_3.csv
		Transactions\stmt_649.csv = Transactions\stmt_649.csv
	EndProjectSection
EndProject
Project("{2150E333-8FDC-42A3-9474-1A3956D46DE8}") = "Loaders", "Loaders", "{BDA1492B-CF2E-4DDF-BAB5-BE003A81A5A5}"
	ProjectSection(SolutionItems) = preProject
		1479.asp = 1479.asp
		1490.asp = 1490.asp
		242.asp = 242.asp
		3.asp = 3.asp
		649.asp = 649.asp
		loader.asp = loader.asp
		loader_page.asp = loader_page.asp
	EndProjectSection
EndProject
Global
	GlobalSection(SolutionProperties) = preSolution
		HideSolutionNode = FALSE
	EndGlobalSection
	GlobalSection(NestedProjects) = preSolution
		{73EE744C-0745-4FC8-B786-BC7D0814BF13} = {BC918D21-FB14-4FAC-A3EF-2B8F4CAE92DC}
		{BDA1492B-CF2E-4DDF-BAB5-BE003A81A5A5} = {BC918D21-FB14-4FAC-A3EF-2B8F4CAE92DC}
	EndGlobalSection
EndGlobal
