
Microsoft Visual Studio Solution File, Format Version 12.00
# Visual Studio Express 2012 for Web
Project("{2150E333-8FDC-42A3-9474-1A3956D46DE8}") = "src", "src", "{16460EF7-79A2-4098-ACE7-C81D37766617}"
	ProjectSection(SolutionItems) = preProject
		src\Bag.js = src\Bag.js
		src\DataObject.js = src\DataObject.js
		src\DataObjectEspace.js = src\DataObjectEspace.js
		src\DataObjectReference.js = src\DataObjectReference.js
		src\DataReferenceJoin.js = src\DataReferenceJoin.js
		src\EventSource.js = src\EventSource.js
		src\EventSubscriber.js = src\EventSubscriber.js
		src\Filter.js = src\Filter.js
		src\FilterAnd.js = src\FilterAnd.js
		src\FilterIn.js = src\FilterIn.js
		src\FilterOperator.js = src\FilterOperator.js
		src\FilterOr.js = src\FilterOr.js
		src\Index.js = src\Index.js
		src\Jane.js = src\Jane.js
		src\macros.h = src\macros.h
		src\MetaData.js = src\MetaData.js
		src\Schema.js = src\Schema.js
		src\Transform.js = src\Transform.js
		src\TransformAssemble.js = src\TransformAssemble.js
		src\TransformCompound.js = src\TransformCompound.js
		src\TransformExtract.js = src\TransformExtract.js
		src\TransformFlatten.js = src\TransformFlatten.js
		src\Utility.js = src\Utility.js
	EndProjectSection
EndProject
Project("{2150E333-8FDC-42A3-9474-1A3956D46DE8}") = "Solution Items", "Solution Items", "{06383A3E-5CCA-455D-8353-98E86CD1753E}"
	ProjectSection(SolutionItems) = preProject
		build.xml = build.xml
		schema.js = schema.js
	EndProjectSection
EndProject
Project("{2150E333-8FDC-42A3-9474-1A3956D46DE8}") = "tools", "tools", "{0375D571-A968-475C-B12D-465001F3C769}"
	ProjectSection(SolutionItems) = preProject
		tools\ant.properties = tools\ant.properties
		tools\common-build.xml = tools\common-build.xml
		tools\unix.ant.properties = tools\unix.ant.properties
		tools\windows.ant.properties = tools\windows.ant.properties
	EndProjectSection
EndProject
Project("{2150E333-8FDC-42A3-9474-1A3956D46DE8}") = "build", "build", "{F8268939-3F96-4203-A6D7-D8D8A473CCA7}"
	ProjectSection(SolutionItems) = preProject
		build\jane-concat.js = build\jane-concat.js
		build\jane-preprocess.js = build\jane-preprocess.js
	EndProjectSection
EndProject
Global
	GlobalSection(SolutionProperties) = preSolution
		HideSolutionNode = FALSE
	EndGlobalSection
	GlobalSection(NestedProjects) = preSolution
		{16460EF7-79A2-4098-ACE7-C81D37766617} = {06383A3E-5CCA-455D-8353-98E86CD1753E}
		{0375D571-A968-475C-B12D-465001F3C769} = {06383A3E-5CCA-455D-8353-98E86CD1753E}
		{F8268939-3F96-4203-A6D7-D8D8A473CCA7} = {06383A3E-5CCA-455D-8353-98E86CD1753E}
	EndGlobalSection
EndGlobal
