
Microsoft Visual Studio Solution File, Format Version 12.00
# Visual Studio Express 2012 for Web
Project("{2150E333-8FDC-42A3-9474-1A3956D46DE8}") = "Server", "Server", "{ACAA9A6B-98B3-4556-99FD-E52E4FF8491C}"
	ProjectSection(SolutionItems) = preProject
		Server\proto.js = Server\proto.js
		Server\proto.json = Server\proto.json
	EndProjectSection
EndProject
Project("{2150E333-8FDC-42A3-9474-1A3956D46DE8}") = "Client", "Client", "{6DCBD011-4D7D-4983-A4DC-E374C702532A}"
EndProject
Global
	GlobalSection(SolutionProperties) = preSolution
		HideSolutionNode = FALSE
	EndGlobalSection
EndGlobal
