
Microsoft Visual Studio Solution File, Format Version 12.00
# Visual Studio Express 2012 for Web
Project("{2150E333-8FDC-42A3-9474-1A3956D46DE8}") = "css", "css", "{63E30A85-AB6E-4868-8DA4-865B4B18A593}"
	ProjectSection(SolutionItems) = preProject
		css\style_grid.css = css\style_grid.css
	EndProjectSection
EndProject
Project("{2150E333-8FDC-42A3-9474-1A3956D46DE8}") = "js", "js", "{7A8AE71A-63F6-4D3E-B8CF-5CDD595D1AD3}"
	ProjectSection(SolutionItems) = preProject
		js\app_espace.js = js\app_espace.js
		js\app_grid.js = js\app_grid.js
		js\app_test.js = js\app_test.js
		js\app_ui.js = js\app_ui.js
		js\widget.js = js\widget.js
	EndProjectSection
EndProject
Project("{2150E333-8FDC-42A3-9474-1A3956D46DE8}") = "Solution Items", "Solution Items", "{06383A3E-5CCA-455D-8353-98E86CD1753E}"
	ProjectSection(SolutionItems) = preProject
		janeEspace.html = janeEspace.html
		janeGrid.html = janeGrid.html
		janeTest.html = janeTest.html
		janeUi.html = janeUi.html
	EndProjectSection
EndProject
Global
	GlobalSection(SolutionProperties) = preSolution
		HideSolutionNode = FALSE
	EndGlobalSection
	GlobalSection(NestedProjects) = preSolution
		{7A8AE71A-63F6-4D3E-B8CF-5CDD595D1AD3} = {06383A3E-5CCA-455D-8353-98E86CD1753E}
		{63E30A85-AB6E-4868-8DA4-865B4B18A593} = {06383A3E-5CCA-455D-8353-98E86CD1753E}
	EndGlobalSection
EndGlobal
